{
    "version": 3,
    "terraform_version": "0.7.7",
    "serial": 11,
    "lineage": "1ca5ff31-aa38-44c7-898c-40dadb392879",
    "modules": [
        {
            "path": [
                "root"
            ],
            "outputs": {},
            "resources": {
                "aws_autoscaling_group.ecs_cluster": {
                    "type": "aws_autoscaling_group",
                    "depends_on": [
                        "aws_launch_configuration.ecs_cluster",
                        "module.vpc"
                    ],
                    "primary": {
                        "id": "ecs-cluster",
                        "attributes": {
                            "arn": "arn:aws:autoscaling:eu-central-1:440356495622:autoScalingGroup:41b78e04-a8ba-454c-b1fc-8ee4a1c4d67c:autoScalingGroupName/ecs-cluster",
                            "availability_zones.#": "2",
                            "availability_zones.1126047633": "eu-central-1a",
                            "availability_zones.3658960427": "eu-central-1b",
                            "default_cooldown": "300",
                            "desired_capacity": "3",
                            "force_delete": "false",
                            "health_check_grace_period": "300",
                            "health_check_type": "EC2",
                            "id": "ecs-cluster",
                            "launch_configuration": "ecs_cluster_conf",
                            "load_balancers.#": "0",
                            "max_size": "3",
                            "metrics_granularity": "1Minute",
                            "min_size": "0",
                            "name": "ecs-cluster",
                            "placement_group": "",
                            "protect_from_scale_in": "false",
                            "tag.#": "0",
                            "target_group_arns.#": "0",
                            "termination_policies.#": "0",
                            "vpc_zone_identifier.#": "2",
                            "vpc_zone_identifier.101669679": "subnet-f171cd99",
                            "vpc_zone_identifier.4090756161": "subnet-c70fccbd",
                            "wait_for_capacity_timeout": "10m"
                        },
                        "meta": {},
                        "tainted": false
                    },
                    "deposed": [],
                    "provider": ""
                },
                "aws_ecs_cluster.dev": {
                    "type": "aws_ecs_cluster",
                    "depends_on": [],
                    "primary": {
                        "id": "arn:aws:ecs:eu-central-1:440356495622:cluster/ecs-dev",
                        "attributes": {
                            "id": "arn:aws:ecs:eu-central-1:440356495622:cluster/ecs-dev",
                            "name": "ecs-dev"
                        },
                        "meta": {},
                        "tainted": false
                    },
                    "deposed": [],
                    "provider": ""
                },
                "aws_ecs_service.simple_service": {
                    "type": "aws_ecs_service",
                    "depends_on": [
                        "aws_ecs_cluster.dev",
                        "aws_ecs_task_definition.simple_service",
                        "aws_elb.simple_service_elb",
                        "aws_iam_policy_attachment.ecs_elb",
                        "aws_iam_role.ecs_elb"
                    ],
                    "primary": {
                        "id": "arn:aws:ecs:eu-central-1:440356495622:service/simple_service",
                        "attributes": {
                            "cluster": "arn:aws:ecs:eu-central-1:440356495622:cluster/ecs-dev",
                            "deployment_maximum_percent": "200",
                            "deployment_minimum_healthy_percent": "100",
                            "desired_count": "1",
                            "iam_role": "arn:aws:iam::440356495622:role/ecs-elb",
                            "id": "arn:aws:ecs:eu-central-1:440356495622:service/simple_service",
                            "load_balancer.#": "1",
                            "load_balancer.3590059977.container_name": "simple_service",
                            "load_balancer.3590059977.container_port": "8000",
                            "load_balancer.3590059977.elb_name": "simple-service-elb",
                            "load_balancer.3590059977.target_group_arn": "",
                            "name": "simple_service",
                            "task_definition": "arn:aws:ecs:eu-central-1:440356495622:task-definition/simple_service:2"
                        },
                        "meta": {},
                        "tainted": false
                    },
                    "deposed": [],
                    "provider": ""
                },
                "aws_ecs_task_definition.simple_service": {
                    "type": "aws_ecs_task_definition",
                    "depends_on": [],
                    "primary": {
                        "id": "simple_service",
                        "attributes": {
                            "arn": "arn:aws:ecs:eu-central-1:440356495622:task-definition/simple_service:2",
                            "container_definitions": "26cffd6ca5600273cfd9961e3a301646d48e76a2",
                            "family": "simple_service",
                            "id": "simple_service",
                            "network_mode": "",
                            "revision": "2",
                            "task_role_arn": ""
                        },
                        "meta": {},
                        "tainted": false
                    },
                    "deposed": [],
                    "provider": ""
                },
                "aws_elb.simple_service_elb": {
                    "type": "aws_elb",
                    "depends_on": [
                        "aws_security_group.allow_all_inbound",
                        "aws_security_group.allow_all_outbound",
                        "aws_security_group.allow_cluster",
                        "module.vpc"
                    ],
                    "primary": {
                        "id": "simple-service-elb",
                        "attributes": {
                            "access_logs.#": "0",
                            "availability_zones.#": "2",
                            "availability_zones.1126047633": "eu-central-1a",
                            "availability_zones.3658960427": "eu-central-1b",
                            "connection_draining": "true",
                            "connection_draining_timeout": "300",
                            "cross_zone_load_balancing": "true",
                            "dns_name": "simple-service-elb-932062095.eu-central-1.elb.amazonaws.com",
                            "health_check.#": "1",
                            "health_check.0.healthy_threshold": "2",
                            "health_check.0.interval": "5",
                            "health_check.0.target": "HTTP:8000/",
                            "health_check.0.timeout": "4",
                            "health_check.0.unhealthy_threshold": "10",
                            "id": "simple-service-elb",
                            "idle_timeout": "60",
                            "instances.#": "0",
                            "internal": "false",
                            "listener.#": "1",
                            "listener.206423021.instance_port": "8000",
                            "listener.206423021.instance_protocol": "http",
                            "listener.206423021.lb_port": "80",
                            "listener.206423021.lb_protocol": "http",
                            "listener.206423021.ssl_certificate_id": "",
                            "name": "simple-service-elb",
                            "security_groups.#": "3",
                            "security_groups.3161715360": "sg-576f333f",
                            "security_groups.3319956133": "sg-556f333d",
                            "security_groups.447070867": "sg-296e3241",
                            "source_security_group": "440356495622/vpc-0cf10864-20161118001408491996148edk",
                            "source_security_group_id": "sg-576f333f",
                            "subnets.#": "2",
                            "subnets.101669679": "subnet-f171cd99",
                            "subnets.4090756161": "subnet-c70fccbd",
                            "tags.%": "0",
                            "zone_id": "Z215JYRZR1TBD5"
                        },
                        "meta": {},
                        "tainted": false
                    },
                    "deposed": [],
                    "provider": ""
                },
                "aws_iam_instance_profile.ecs": {
                    "type": "aws_iam_instance_profile",
                    "depends_on": [
                        "aws_iam_role.ecs"
                    ],
                    "primary": {
                        "id": "ecs-profile",
                        "attributes": {
                            "arn": "arn:aws:iam::440356495622:instance-profile/ecs-profile",
                            "id": "ecs-profile",
                            "name": "ecs-profile",
                            "path": "/",
                            "roles.#": "1",
                            "roles.914475067": "ecs"
                        },
                        "meta": {},
                        "tainted": false
                    },
                    "deposed": [],
                    "provider": ""
                },
                "aws_iam_policy_attachment.ecs_elb": {
                    "type": "aws_iam_policy_attachment",
                    "depends_on": [
                        "aws_iam_role.ecs_elb"
                    ],
                    "primary": {
                        "id": "ecs_elb",
                        "attributes": {
                            "groups.#": "0",
                            "id": "ecs_elb",
                            "name": "ecs_elb",
                            "policy_arn": "arn:aws:iam::aws:policy/service-role/AmazonEC2ContainerServiceRole",
                            "roles.#": "1",
                            "roles.37749024": "ecs-elb",
                            "users.#": "0"
                        },
                        "meta": {},
                        "tainted": false
                    },
                    "deposed": [],
                    "provider": ""
                },
                "aws_iam_policy_attachment.ecs_for_ec2": {
                    "type": "aws_iam_policy_attachment",
                    "depends_on": [
                        "aws_iam_role.ecs"
                    ],
                    "primary": {
                        "id": "ecs-for-ec2",
                        "attributes": {
                            "groups.#": "0",
                            "id": "ecs-for-ec2",
                            "name": "ecs-for-ec2",
                            "policy_arn": "arn:aws:iam::aws:policy/service-role/AmazonEC2ContainerServiceforEC2Role",
                            "roles.#": "1",
                            "roles.914475067": "ecs",
                            "users.#": "0"
                        },
                        "meta": {},
                        "tainted": false
                    },
                    "deposed": [],
                    "provider": ""
                },
                "aws_iam_role.ecs": {
                    "type": "aws_iam_role",
                    "depends_on": [],
                    "primary": {
                        "id": "ecs",
                        "attributes": {
                            "arn": "arn:aws:iam::440356495622:role/ecs",
                            "assume_role_policy": "{\n  \"Version\": \"2012-10-17\",\n  \"Statement\": [\n    {\n      \"Action\": \"sts:AssumeRole\",\n      \"Principal\": {\n        \"Service\": \"ec2.amazonaws.com\"\n      },\n      \"Effect\": \"Allow\",\n      \"Sid\": \"\"\n    }\n  ]\n}\n",
                            "id": "ecs",
                            "name": "ecs",
                            "path": "/",
                            "unique_id": "AROAJ2Y3KN4B5VNOKSFLK"
                        },
                        "meta": {},
                        "tainted": false
                    },
                    "deposed": [],
                    "provider": ""
                },
                "aws_iam_role.ecs_elb": {
                    "type": "aws_iam_role",
                    "depends_on": [],
                    "primary": {
                        "id": "ecs-elb",
                        "attributes": {
                            "arn": "arn:aws:iam::440356495622:role/ecs-elb",
                            "assume_role_policy": "{\n  \"Version\": \"2008-10-17\",\n  \"Statement\": [\n    {\n      \"Sid\": \"\",\n      \"Effect\": \"Allow\",\n      \"Principal\": {\n        \"Service\": \"ecs.amazonaws.com\"\n      },\n      \"Action\": \"sts:AssumeRole\"\n    }\n  ]\n}\n",
                            "id": "ecs-elb",
                            "name": "ecs-elb",
                            "path": "/",
                            "unique_id": "AROAIOUSXKBLWQETMLQD2"
                        },
                        "meta": {},
                        "tainted": false
                    },
                    "deposed": [],
                    "provider": ""
                },
                "aws_key_pair.test": {
                    "type": "aws_key_pair",
                    "depends_on": [],
                    "primary": {
                        "id": "test-key",
                        "attributes": {
                            "fingerprint": "50:47:0b:b8:57:01:37:95:88:82:0c:3f:89:cf:78:33",
                            "id": "test-key",
                            "key_name": "test-key",
                            "public_key": "ssh-rsa AAAAB3NzaC1yc2EAAAADAQABAAABAQC5xnLQULg0tC2UqX69Rq/cT7ThWKNcnHFwmseFirrc6dpgJAC0Gxq/GEJtlxOUhSq5Vb/nS84cqhbV7xyuKsaeqMg/bu23ufIxGBFl20/4DOa7JMqHgWOAjpXIqttM+5NX49FdsRE/3GKgCtAzhPDZ9M5z7w2UQhFhxFCZ6mOks/gLR1rpW2iHv8RNZV0NzeOIhc95IVeWYxhXaDZ0dZXJn0+fRhf3W8bMbjeaLC2zVCqPdu0GRToQVY/11pBYSxv67vfcO0Jw9+v4JEVqTGxTNPSvSFbjdnDyo+y5ajNDAfBRuo/yFp6kZZoqi8LSiJ8N+jY9UUshXTCWdJFUgTt5 test-key"
                        },
                        "meta": {
                            "schema_version": "1"
                        },
                        "tainted": false
                    },
                    "deposed": [],
                    "provider": ""
                },
                "aws_launch_configuration.ecs_cluster": {
                    "type": "aws_launch_configuration",
                    "depends_on": [
                        "aws_iam_instance_profile.ecs",
                        "aws_key_pair.test",
                        "aws_security_group.allow_all_outbound",
                        "aws_security_group.allow_all_ssh",
                        "aws_security_group.allow_cluster",
                        "template_file.user_data"
                    ],
                    "primary": {
                        "id": "ecs_cluster_conf",
                        "attributes": {
                            "associate_public_ip_address": "false",
                            "ebs_block_device.#": "0",
                            "ebs_optimized": "false",
                            "enable_monitoring": "true",
                            "ephemeral_block_device.#": "0",
                            "iam_instance_profile": "ecs-profile",
                            "id": "ecs_cluster_conf",
                            "image_id": "ami-c3253caf",
                            "instance_type": "t2.micro",
                            "key_name": "test-key",
                            "name": "ecs_cluster_conf",
                            "root_block_device.#": "0",
                            "security_groups.#": "3",
                            "security_groups.2198710446": "sg-566f333e",
                            "security_groups.3161715360": "sg-576f333f",
                            "security_groups.447070867": "sg-296e3241",
                            "spot_price": "",
                            "user_data": "54d6ec8fd24aea8bb1e4fe793a0c34b9075c6d98",
                            "vpc_classic_link_id": "",
                            "vpc_classic_link_security_groups.#": "0"
                        },
                        "meta": {},
                        "tainted": false
                    },
                    "deposed": [],
                    "provider": ""
                },
                "aws_security_group.allow_all_inbound": {
                    "type": "aws_security_group",
                    "depends_on": [
                        "module.vpc"
                    ],
                    "primary": {
                        "id": "sg-556f333d",
                        "attributes": {
                            "description": "Allow all inbound traffic",
                            "egress.#": "0",
                            "id": "sg-556f333d",
                            "ingress.#": "1",
                            "ingress.482069346.cidr_blocks.#": "1",
                            "ingress.482069346.cidr_blocks.0": "0.0.0.0/0",
                            "ingress.482069346.from_port": "0",
                            "ingress.482069346.protocol": "-1",
                            "ingress.482069346.security_groups.#": "0",
                            "ingress.482069346.self": "false",
                            "ingress.482069346.to_port": "0",
                            "name": "vpc-0cf10864-201611180014084928429232r6",
                            "name_prefix": "vpc-0cf10864-",
                            "owner_id": "440356495622",
                            "tags.%": "0",
                            "vpc_id": "vpc-0cf10864"
                        },
                        "meta": {},
                        "tainted": false
                    },
                    "deposed": [],
                    "provider": ""
                },
                "aws_security_group.allow_all_outbound": {
                    "type": "aws_security_group",
                    "depends_on": [
                        "module.vpc"
                    ],
                    "primary": {
                        "id": "sg-296e3241",
                        "attributes": {
                            "description": "Allow all outbound traffic",
                            "egress.#": "1",
                            "egress.482069346.cidr_blocks.#": "1",
                            "egress.482069346.cidr_blocks.0": "0.0.0.0/0",
                            "egress.482069346.from_port": "0",
                            "egress.482069346.prefix_list_ids.#": "0",
                            "egress.482069346.protocol": "-1",
                            "egress.482069346.security_groups.#": "0",
                            "egress.482069346.self": "false",
                            "egress.482069346.to_port": "0",
                            "id": "sg-296e3241",
                            "ingress.#": "0",
                            "name": "vpc-0cf10864-20161118000922703268825cvb",
                            "name_prefix": "vpc-0cf10864-",
                            "owner_id": "440356495622",
                            "tags.%": "0",
                            "vpc_id": "vpc-0cf10864"
                        },
                        "meta": {},
                        "tainted": false
                    },
                    "deposed": [],
                    "provider": ""
                },
                "aws_security_group.allow_all_ssh": {
                    "type": "aws_security_group",
                    "depends_on": [
                        "module.vpc"
                    ],
                    "primary": {
                        "id": "sg-566f333e",
                        "attributes": {
                            "description": "Allow all inbound SSH traffic",
                            "egress.#": "0",
                            "id": "sg-566f333e",
                            "ingress.#": "1",
                            "ingress.2541437006.cidr_blocks.#": "1",
                            "ingress.2541437006.cidr_blocks.0": "0.0.0.0/0",
                            "ingress.2541437006.from_port": "22",
                            "ingress.2541437006.protocol": "tcp",
                            "ingress.2541437006.security_groups.#": "0",
                            "ingress.2541437006.self": "false",
                            "ingress.2541437006.to_port": "22",
                            "name": "vpc-0cf10864-20161118001408492612759uwf",
                            "name_prefix": "vpc-0cf10864-",
                            "owner_id": "440356495622",
                            "tags.%": "0",
                            "vpc_id": "vpc-0cf10864"
                        },
                        "meta": {},
                        "tainted": false
                    },
                    "deposed": [],
                    "provider": ""
                },
                "aws_security_group.allow_cluster": {
                    "type": "aws_security_group",
                    "depends_on": [
                        "module.vpc"
                    ],
                    "primary": {
                        "id": "sg-576f333f",
                        "attributes": {
                            "description": "Allow all traffic within cluster",
                            "egress.#": "1",
                            "egress.3544538468.cidr_blocks.#": "0",
                            "egress.3544538468.from_port": "0",
                            "egress.3544538468.prefix_list_ids.#": "0",
                            "egress.3544538468.protocol": "tcp",
                            "egress.3544538468.security_groups.#": "0",
                            "egress.3544538468.self": "true",
                            "egress.3544538468.to_port": "65535",
                            "id": "sg-576f333f",
                            "ingress.#": "1",
                            "ingress.3544538468.cidr_blocks.#": "0",
                            "ingress.3544538468.from_port": "0",
                            "ingress.3544538468.protocol": "tcp",
                            "ingress.3544538468.security_groups.#": "0",
                            "ingress.3544538468.self": "true",
                            "ingress.3544538468.to_port": "65535",
                            "name": "vpc-0cf10864-20161118001408491996148edk",
                            "name_prefix": "vpc-0cf10864-",
                            "owner_id": "440356495622",
                            "tags.%": "0",
                            "vpc_id": "vpc-0cf10864"
                        },
                        "meta": {},
                        "tainted": false
                    },
                    "deposed": [],
                    "provider": ""
                },
                "template_file.user_data": {
                    "type": "template_file",
                    "depends_on": [],
                    "primary": {
                        "id": "26c9912fd5dfcf58e6064ca9681341df9e353b1085e9a92550d5ae2e1268ac2a",
                        "attributes": {
                            "id": "26c9912fd5dfcf58e6064ca9681341df9e353b1085e9a92550d5ae2e1268ac2a",
                            "rendered": "#cloud-config\nbootcmd:\n - cloud-init-per instance $(echo \"ECS_CLUSTER=ecs-dev\" \u003e\u003e /etc/ecs/ecs.config)\n",
                            "template": "templates/user_data",
                            "vars.%": "1",
                            "vars.cluster_name": "ecs-dev"
                        },
                        "meta": {},
                        "tainted": false
                    },
                    "deposed": [],
                    "provider": ""
                }
            },
            "depends_on": []
        },
        {
            "path": [
                "root",
                "vpc"
            ],
            "outputs": {
                "default_security_group_id": {
                    "sensitive": false,
                    "type": "string",
                    "value": "sg-87722eef"
                },
                "nat_eips": {
                    "sensitive": false,
                    "type": "list",
                    "value": []
                },
                "private_route_table_ids": {
                    "sensitive": false,
                    "type": "list",
                    "value": []
                },
                "private_subnets": {
                    "sensitive": false,
                    "type": "list",
                    "value": []
                },
                "public_route_table_ids": {
                    "sensitive": false,
                    "type": "list",
                    "value": [
                        "rtb-8909d2e1"
                    ]
                },
                "public_subnets": {
                    "sensitive": false,
                    "type": "list",
                    "value": [
                        "subnet-f171cd99",
                        "subnet-c70fccbd"
                    ]
                },
                "vpc_id": {
                    "sensitive": false,
                    "type": "string",
                    "value": "vpc-0cf10864"
                }
            },
            "resources": {
                "aws_internet_gateway.mod": {
                    "type": "aws_internet_gateway",
                    "depends_on": [
                        "aws_vpc.mod"
                    ],
                    "primary": {
                        "id": "igw-823b74eb",
                        "attributes": {
                            "id": "igw-823b74eb",
                            "tags.%": "1",
                            "tags.Name": "ecs-vpc-igw",
                            "vpc_id": "vpc-0cf10864"
                        },
                        "meta": {},
                        "tainted": false
                    },
                    "deposed": [],
                    "provider": ""
                },
                "aws_route.public_internet_gateway": {
                    "type": "aws_route",
                    "depends_on": [
                        "aws_internet_gateway.mod",
                        "aws_route_table.public"
                    ],
                    "primary": {
                        "id": "r-rtb-8909d2e11080289494",
                        "attributes": {
                            "destination_cidr_block": "0.0.0.0/0",
                            "destination_prefix_list_id": "",
                            "gateway_id": "igw-823b74eb",
                            "id": "r-rtb-8909d2e11080289494",
                            "instance_id": "",
                            "instance_owner_id": "",
                            "nat_gateway_id": "",
                            "network_interface_id": "",
                            "origin": "CreateRoute",
                            "route_table_id": "rtb-8909d2e1",
                            "state": "active",
                            "vpc_peering_connection_id": ""
                        },
                        "meta": {},
                        "tainted": false
                    },
                    "deposed": [],
                    "provider": ""
                },
                "aws_route_table.public": {
                    "type": "aws_route_table",
                    "depends_on": [
                        "aws_vpc.mod"
                    ],
                    "primary": {
                        "id": "rtb-8909d2e1",
                        "attributes": {
                            "id": "rtb-8909d2e1",
                            "propagating_vgws.#": "0",
                            "route.#": "1",
                            "route.286407159.cidr_block": "0.0.0.0/0",
                            "route.286407159.gateway_id": "igw-823b74eb",
                            "route.286407159.instance_id": "",
                            "route.286407159.nat_gateway_id": "",
                            "route.286407159.network_interface_id": "",
                            "route.286407159.vpc_peering_connection_id": "",
                            "tags.%": "1",
                            "tags.Name": "ecs-vpc-rt-public",
                            "vpc_id": "vpc-0cf10864"
                        },
                        "meta": {},
                        "tainted": false
                    },
                    "deposed": [],
                    "provider": ""
                },
                "aws_route_table_association.public.0": {
                    "type": "aws_route_table_association",
                    "depends_on": [
                        "aws_route_table.public",
                        "aws_subnet.public"
                    ],
                    "primary": {
                        "id": "rtbassoc-c65a26ae",
                        "attributes": {
                            "id": "rtbassoc-c65a26ae",
                            "route_table_id": "rtb-8909d2e1",
                            "subnet_id": "subnet-f171cd99"
                        },
                        "meta": {},
                        "tainted": false
                    },
                    "deposed": [],
                    "provider": ""
                },
                "aws_route_table_association.public.1": {
                    "type": "aws_route_table_association",
                    "depends_on": [
                        "aws_route_table.public",
                        "aws_subnet.public"
                    ],
                    "primary": {
                        "id": "rtbassoc-c75a26af",
                        "attributes": {
                            "id": "rtbassoc-c75a26af",
                            "route_table_id": "rtb-8909d2e1",
                            "subnet_id": "subnet-c70fccbd"
                        },
                        "meta": {},
                        "tainted": false
                    },
                    "deposed": [],
                    "provider": ""
                },
                "aws_subnet.public.0": {
                    "type": "aws_subnet",
                    "depends_on": [
                        "aws_vpc.mod"
                    ],
                    "primary": {
                        "id": "subnet-f171cd99",
                        "attributes": {
                            "availability_zone": "eu-central-1a",
                            "cidr_block": "10.0.101.0/24",
                            "id": "subnet-f171cd99",
                            "map_public_ip_on_launch": "false",
                            "tags.%": "1",
                            "tags.Name": "ecs-vpc-subnet-public-eu-central-1a",
                            "vpc_id": "vpc-0cf10864"
                        },
                        "meta": {},
                        "tainted": false
                    },
                    "deposed": [],
                    "provider": ""
                },
                "aws_subnet.public.1": {
                    "type": "aws_subnet",
                    "depends_on": [
                        "aws_vpc.mod"
                    ],
                    "primary": {
                        "id": "subnet-c70fccbd",
                        "attributes": {
                            "availability_zone": "eu-central-1b",
                            "cidr_block": "10.0.102.0/24",
                            "id": "subnet-c70fccbd",
                            "map_public_ip_on_launch": "false",
                            "tags.%": "1",
                            "tags.Name": "ecs-vpc-subnet-public-eu-central-1b",
                            "vpc_id": "vpc-0cf10864"
                        },
                        "meta": {},
                        "tainted": false
                    },
                    "deposed": [],
                    "provider": ""
                },
                "aws_vpc.mod": {
                    "type": "aws_vpc",
                    "depends_on": [],
                    "primary": {
                        "id": "vpc-0cf10864",
                        "attributes": {
                            "cidr_block": "10.0.0.0/16",
                            "default_network_acl_id": "acl-2584584d",
                            "default_route_table_id": "rtb-b409d2dc",
                            "default_security_group_id": "sg-87722eef",
                            "dhcp_options_id": "dopt-b60c25df",
                            "enable_dns_hostnames": "false",
                            "enable_dns_support": "false",
                            "id": "vpc-0cf10864",
                            "instance_tenancy": "default",
                            "main_route_table_id": "rtb-b409d2dc",
                            "tags.%": "1",
                            "tags.Name": "ecs-vpc"
                        },
                        "meta": {},
                        "tainted": false
                    },
                    "deposed": [],
                    "provider": ""
                }
            },
            "depends_on": []
        }
    ]
}
